
Microsoft Visual Studio Solution File, Format Version 12.00
# Visual Studio Version 16
VisualStudioVersion = 16.0.31911.196
MinimumVisualStudioVersion = 10.0.40219.1
Project("{FAE04EC0-301F-11D3-BF4B-00C04F79EFBC}") = "BookLibrary", "BookLibrary\BookLibrary.csproj", "{87F94387-8F6C-4EE6-82B0-37D976367421}"
EndProject
Global
	GlobalSection(SolutionConfigurationPlatforms) = preSolution
		Debug|Any CPU = Debug|Any CPU
		Release|Any CPU = Release|Any CPU
	EndGlobalSection
	GlobalSection(ProjectConfigurationPlatforms) = postSolution
		{87F94387-8F6C-4EE6-82B0-37D976367421}.Debug|Any CPU.ActiveCfg = Debug|Any CPU
		{87F94387-8F6C-4EE6-82B0-37D976367421}.Debug|Any CPU.Build.0 = Debug|Any CPU
		{87F94387-8F6C-4EE6-82B0-37D976367421}.Release|Any CPU.ActiveCfg = Release|Any CPU
		{87F94387-8F6C-4EE6-82B0-37D976367421}.Release|Any CPU.Build.0 = Release|Any CPU
	EndGlobalSection
	GlobalSection(SolutionProperties) = preSolution
		HideSolutionNode = FALSE
	EndGlobalSection
	GlobalSection(ExtensibilityGlobals) = postSolution
		SolutionGuid = {63DC8793-D7BE-42CF-9F74-4CE4EC72E1B1}
	EndGlobalSection
EndGlobal
